
Microsoft Visual Studio Solution File, Format Version 12.00
# Visual Studio 15
VisualStudioVersion = 15.0.27428.2043
MinimumVisualStudioVersion = 10.0.40219.1
Project("{FAE04EC0-301F-11D3-BF4B-00C04F79EFBC}") = "MyBotProject", "MyBotProject\MyBotProject.csproj", "{4BF9D1A0-9946-4BB8-90A9-AB407E3B0A3F}"
EndProject
Project("{FAE04EC0-301F-11D3-BF4B-00C04F79EFBC}") = "CustomerService", "CustomerService\CustomerService.csproj", "{E2A21AD2-D0E8-418F-8D76-4F08BE6F7A1F}"
EndProject
Global
	GlobalSection(SolutionConfigurationPlatforms) = preSolution
		Debug|Any CPU = Debug|Any CPU
		Release|Any CPU = Release|Any CPU
	EndGlobalSection
	GlobalSection(ProjectConfigurationPlatforms) = postSolution
		{4BF9D1A0-9946-4BB8-90A9-AB407E3B0A3F}.Debug|Any CPU.ActiveCfg = Debug|Any CPU
		{4BF9D1A0-9946-4BB8-90A9-AB407E3B0A3F}.Debug|Any CPU.Build.0 = Debug|Any CPU
		{4BF9D1A0-9946-4BB8-90A9-AB407E3B0A3F}.Release|Any CPU.ActiveCfg = Release|Any CPU
		{4BF9D1A0-9946-4BB8-90A9-AB407E3B0A3F}.Release|Any CPU.Build.0 = Release|Any CPU
		{E2A21AD2-D0E8-418F-8D76-4F08BE6F7A1F}.Debug|Any CPU.ActiveCfg = Debug|Any CPU
		{E2A21AD2-D0E8-418F-8D76-4F08BE6F7A1F}.Debug|Any CPU.Build.0 = Debug|Any CPU
		{E2A21AD2-D0E8-418F-8D76-4F08BE6F7A1F}.Release|Any CPU.ActiveCfg = Release|Any CPU
		{E2A21AD2-D0E8-418F-8D76-4F08BE6F7A1F}.Release|Any CPU.Build.0 = Release|Any CPU
	EndGlobalSection
	GlobalSection(SolutionProperties) = preSolution
		HideSolutionNode = FALSE
	EndGlobalSection
	GlobalSection(ExtensibilityGlobals) = postSolution
		SolutionGuid = {B943B8D3-AEFA-4912-9A90-5EFDF6F90446}
	EndGlobalSection
EndGlobal
